
Microsoft Visual Studio Solution File, Format Version 11.00
# Visual Studio 2010
Project("{FAE04EC0-301F-11D3-BF4B-00C04F79EFBC}") = "GGJ2014", "GGJ2014\GGJ2014\GGJ2014.csproj", "{3747394F-BA73-4ABC-8135-F5F13BD63305}"
EndProject
Project("{96E2B04D-8817-42C6-938A-82C39BA4D311}") = "GGJ2014Content", "GGJ2014\GGJ2014Content\GGJ2014Content.contentproj", "{FE66A8B5-CA16-48B6-8ECC-1C2A8502A6F4}"
EndProject
Global
	GlobalSection(SolutionConfigurationPlatforms) = preSolution
		Debug|x86 = Debug|x86
		Release|x86 = Release|x86
	EndGlobalSection
	GlobalSection(ProjectConfigurationPlatforms) = postSolution
		{3747394F-BA73-4ABC-8135-F5F13BD63305}.Debug|x86.ActiveCfg = Debug|x86
		{3747394F-BA73-4ABC-8135-F5F13BD63305}.Debug|x86.Build.0 = Debug|x86
		{3747394F-BA73-4ABC-8135-F5F13BD63305}.Release|x86.ActiveCfg = Release|x86
		{3747394F-BA73-4ABC-8135-F5F13BD63305}.Release|x86.Build.0 = Release|x86
		{FE66A8B5-CA16-48B6-8ECC-1C2A8502A6F4}.Debug|x86.ActiveCfg = Debug|x86
		{FE66A8B5-CA16-48B6-8ECC-1C2A8502A6F4}.Release|x86.ActiveCfg = Release|x86
	EndGlobalSection
	GlobalSection(SolutionProperties) = preSolution
		HideSolutionNode = FALSE
	EndGlobalSection
EndGlobal
